
Microsoft Visual Studio Solution File, Format Version 12.00
# Visual Studio Version 17
VisualStudioVersion = 17.5.33627.172
MinimumVisualStudioVersion = 10.0.40219.1
Project("{9A19103F-16F7-4668-BE54-9A1E7A4F7556}") = "server", "server\server.csproj", "{7DE14748-0EFD-43D9-AAC5-86D2FDF3762A}"
EndProject
Project("{9A19103F-16F7-4668-BE54-9A1E7A4F7556}") = "CourseModel", "..\..\server_code\CourseModel\CourseModel\CourseModel.csproj", "{ECAD99DB-2264-4596-A0DB-6C00F47BAC9D}"
EndProject
Global
	GlobalSection(SolutionConfigurationPlatforms) = preSolution
		Debug|Any CPU = Debug|Any CPU
		Release|Any CPU = Release|Any CPU
	EndGlobalSection
	GlobalSection(ProjectConfigurationPlatforms) = postSolution
		{7DE14748-0EFD-43D9-AAC5-86D2FDF3762A}.Debug|Any CPU.ActiveCfg = Debug|Any CPU
		{7DE14748-0EFD-43D9-AAC5-86D2FDF3762A}.Debug|Any CPU.Build.0 = Debug|Any CPU
		{7DE14748-0EFD-43D9-AAC5-86D2FDF3762A}.Release|Any CPU.ActiveCfg = Release|Any CPU
		{7DE14748-0EFD-43D9-AAC5-86D2FDF3762A}.Release|Any CPU.Build.0 = Release|Any CPU
		{ECAD99DB-2264-4596-A0DB-6C00F47BAC9D}.Debug|Any CPU.ActiveCfg = Debug|Any CPU
		{ECAD99DB-2264-4596-A0DB-6C00F47BAC9D}.Debug|Any CPU.Build.0 = Debug|Any CPU
		{ECAD99DB-2264-4596-A0DB-6C00F47BAC9D}.Release|Any CPU.ActiveCfg = Release|Any CPU
		{ECAD99DB-2264-4596-A0DB-6C00F47BAC9D}.Release|Any CPU.Build.0 = Release|Any CPU
	EndGlobalSection
	GlobalSection(SolutionProperties) = preSolution
		HideSolutionNode = FALSE
	EndGlobalSection
	GlobalSection(ExtensibilityGlobals) = postSolution
		SolutionGuid = {8E27C6B0-6BB4-4E67-89CA-E44A5E721A5D}
	EndGlobalSection
EndGlobal
